dependencies:
- name: elasticsearch
  repository: https://charts.bitnami.com/bitnami
  version: 17.9.29
- name: minio
  repository: https://charts.bitnami.com/bitnami
  version: 9.3.0
- name: postgresql
  repository: https://charts.bitnami.com/bitnami
  version: 10.16.2
- name: rabbitmq
  repository: https://charts.bitnami.com/bitnami
  version: 10.1.12
- name: redis
  repository: https://charts.bitnami.com/bitnami
  version: 16.13.2
digest: sha256:b3ecd2ae7f23f94cedf375ee9efa709a6516373523aef48aba5e9c358c048fe1
generated: "2022-07-07T00:50:10.044152801-04:00"
